// !$*UTF8*$!
{
	archiveVersion = 1;
	classes = {
	};
	objectVersion = 54;
	objects = {

/* Begin PBXBuildFile section */
		CF1CA060297A2C7E00D51536 /* AppDelegate.swift in Sources */ = {isa = PBXBuildFile; fileRef = CF1CA05F297A2C7E00D51536 /* AppDelegate.swift */; };
		CF1CA062297A2C7E00D51536 /* SceneDelegate.swift in Sources */ = {isa = PBXBuildFile; fileRef = CF1CA061297A2C7E00D51536 /* SceneDelegate.swift */; };
		CF1CA064297A2C7E00D51536 /* ViewController.swift in Sources */ = {isa = PBXBuildFile; fileRef = CF1CA063297A2C7E00D51536 /* ViewController.swift */; };
		CF1CA067297A2C7E00D51536 /* Main.storyboard in Resources */ = {isa = PBXBuildFile; fileRef = CF1CA065297A2C7E00D51536 /* Main.storyboard */; };
		CF1CA069297A2C7F00D51536 /* Assets.xcassets in Resources */ = {isa = PBXBuildFile; fileRef = CF1CA068297A2C7F00D51536 /* Assets.xcassets */; };
		CF1CA06C297A2C7F00D51536 /* LaunchScreen.storyboard in Resources */ = {isa = PBXBuildFile; fileRef = CF1CA06A297A2C7F00D51536 /* LaunchScreen.storyboard */; };
		CF1CA077297A2C8000D51536 /* iosappTests.swift in Sources */ = {isa = PBXBuildFile; fileRef = CF1CA076297A2C8000D51536 /* iosappTests.swift */; };
		CF1CA082297A2C8000D51536 /* iosappUITests.swift in Sources */ = {isa = PBXBuildFile; fileRef = CF1CA081297A2C8000D51536 /* iosappUITests.swift */; };
		CF1CA09C297A3D7E00D51536 /* ios-marketing.png in Resources */ = {isa = PBXBuildFile; fileRef = CF1CA09B297A3D7E00D51536 /* ios-marketing.png */; };
/* End PBXBuildFile section */

/* Begin PBXContainerItemProxy section */
		CF1CA073297A2C8000D51536 /* PBXContainerItemProxy */ = {
			isa = PBXContainerItemProxy;
			containerPortal = CF1CA054297A2C7E00D51536 /* Project object */;
			proxyType = 1;
			remoteGlobalIDString = CF1CA05B297A2C7E00D51536;
			remoteInfo = iosapp;
		};
		CF1CA07E297A2C8000D51536 /* PBXContainerItemProxy */ = {
			isa = PBXContainerItemProxy;
			containerPortal = CF1CA054297A2C7E00D51536 /* Project object */;
			proxyType = 1;
			remoteGlobalIDString = CF1CA05B297A2C7E00D51536;
			remoteInfo = iosapp;
		};
/* End PBXContainerItemProxy section */

/* Begin PBXFileReference section */
		CF1CA05C297A2C7E00D51536 /* iosapp.app */ = {isa = PBXFileReference; explicitFileType = wrapper.application; includeInIndex = 0; path = iosapp.app; sourceTree = BUILT_PRODUCTS_DIR; };
		CF1CA05F297A2C7E00D51536 /* AppDelegate.swift */ = {isa = PBXFileReference; lastKnownFileType = sourcecode.swift; path = AppDelegate.swift; sourceTree = "<group>"; };
		CF1CA061297A2C7E00D51536 /* SceneDelegate.swift */ = {isa = PBXFileReference; lastKnownFileType = sourcecode.swift; path = SceneDelegate.swift; sourceTree = "<group>"; };
		CF1CA063297A2C7E00D51536 /* ViewController.swift */ = {isa = PBXFileReference; lastKnownFileType = sourcecode.swift; path = ViewController.swift; sourceTree = "<group>"; };
		CF1CA066297A2C7E00D51536 /* Base */ = {isa = PBXFileReference; lastKnownFileType = file.storyboard; name = Base; path = Base.lproj/Main.storyboard; sourceTree = "<group>"; };
		CF1CA068297A2C7F00D51536 /* Assets.xcassets */ = {isa = PBXFileReference; lastKnownFileType = folder.assetcatalog; path = Assets.xcassets; sourceTree = "<group>"; };
		CF1CA06B297A2C7F00D51536 /* Base */ = {isa = PBXFileReference; lastKnownFileType = file.storyboard; name = Base; path = Base.lproj/LaunchScreen.storyboard; sourceTree = "<group>"; };
		CF1CA06D297A2C7F00D51536 /* Info.plist */ = {isa = PBXFileReference; lastKnownFileType = text.plist.xml; path = Info.plist; sourceTree = "<group>"; };
		CF1CA072297A2C8000D51536 /* iosappTests.xctest */ = {isa = PBXFileReference; explicitFileType = wrapper.cfbundle; includeInIndex = 0; path = iosappTests.xctest; sourceTree = BUILT_PRODUCTS_DIR; };
		CF1CA076297A2C8000D51536 /* iosappTests.swift */ = {isa = PBXFileReference; lastKnownFileType = sourcecode.swift; path = iosappTests.swift; sourceTree = "<group>"; };
		CF1CA078297A2C8000D51536 /* Info.plist */ = {isa = PBXFileReference; lastKnownFileType = text.plist.xml; path = Info.plist; sourceTree = "<group>"; };
		CF1CA07D297A2C8000D51536 /* iosappUITests.xctest */ = {isa = PBXFileReference; explicitFileType = wrapper.cfbundle; includeInIndex = 0; path = iosappUITests.xctest; sourceTree = BUILT_PRODUCTS_DIR; };
		CF1CA081297A2C8000D51536 /* iosappUITests.swift */ = {isa = PBXFileReference; lastKnownFileType = sourcecode.swift; path = iosappUITests.swift; sourceTree = "<group>"; };
		CF1CA083297A2C8000D51536 /* Info.plist */ = {isa = PBXFileReference; lastKnownFileType = text.plist.xml; path = Info.plist; sourceTree = "<group>"; };
		CF1CA09B297A3D7E00D51536 /* ios-marketing.png */ = {isa = PBXFileReference; lastKnownFileType = image.png; name = "ios-marketing.png"; path = "../../../../Downloads/ios-marketing.png"; sourceTree = "<group>"; };
/* End PBXFileReference section */

/* Begin PBXFrameworksBuildPhase section */
		CF1CA059297A2C7E00D51536 /* Frameworks */ = {
			isa = PBXFrameworksBuildPhase;
			buildActionMask = 2147483647;
			files = (
			);
			runOnlyForDeploymentPostprocessing = 0;
		};
		CF1CA06F297A2C8000D51536 /* Frameworks */ = {
			isa = PBXFrameworksBuildPhase;
			buildActionMask = 2147483647;
			files = (
			);
			runOnlyForDeploymentPostprocessing = 0;
		};
		CF1CA07A297A2C8000D51536 /* Frameworks */ = {
			isa = PBXFrameworksBuildPhase;
			buildActionMask = 2147483647;
			files = (
			);
			runOnlyForDeploymentPostprocessing = 0;
		};
/* End PBXFrameworksBuildPhase section */

/* Begin PBXGroup section */
		CF1CA053297A2C7E00D51536 = {
			isa = PBXGroup;
			children = (
				CF1CA05E297A2C7E00D51536 /* iosapp */,
				CF1CA075297A2C8000D51536 /* iosappTests */,
				CF1CA080297A2C8000D51536 /* iosappUITests */,
				CF1CA05D297A2C7E00D51536 /* Products */,
			);
			sourceTree = "<group>";
		};
		CF1CA05D297A2C7E00D51536 /* Products */ = {
			isa = PBXGroup;
			children = (
				CF1CA05C297A2C7E00D51536 /* iosapp.app */,
				CF1CA072297A2C8000D51536 /* iosappTests.xctest */,
				CF1CA07D297A2C8000D51536 /* iosappUITests.xctest */,
			);
			name = Products;
			sourceTree = "<group>";
		};
		CF1CA05E297A2C7E00D51536 /* iosapp */ = {
			isa = PBXGroup;
			children = (
				CF1CA05F297A2C7E00D51536 /* AppDelegate.swift */,
				CF1CA061297A2C7E00D51536 /* SceneDelegate.swift */,
				CF1CA063297A2C7E00D51536 /* ViewController.swift */,
				CF1CA065297A2C7E00D51536 /* Main.storyboard */,
				CF1CA09B297A3D7E00D51536 /* ios-marketing.png */,
				CF1CA068297A2C7F00D51536 /* Assets.xcassets */,
				CF1CA06A297A2C7F00D51536 /* LaunchScreen.storyboard */,
				CF1CA06D297A2C7F00D51536 /* Info.plist */,
			);
			path = iosapp;
			sourceTree = "<group>";
		};
		CF1CA075297A2C8000D51536 /* iosappTests */ = {
			isa = PBXGroup;
			children = (
				CF1CA076297A2C8000D51536 /* iosappTests.swift */,
				CF1CA078297A2C8000D51536 /* Info.plist */,
			);
			path = iosappTests;
			sourceTree = "<group>";
		};
		CF1CA080297A2C8000D51536 /* iosappUITests */ = {
			isa = PBXGroup;
			children = (
				CF1CA081297A2C8000D51536 /* iosappUITests.swift */,
				CF1CA083297A2C8000D51536 /* Info.plist */,
			);
			path = iosappUITests;
			sourceTree = "<group>";
		};
/* End PBXGroup section */

/* Begin PBXNativeTarget section */
		CF1CA05B297A2C7E00D51536 /* iosapp */ = {
			isa = PBXNativeTarget;
			buildConfigurationList = CF1CA086297A2C8000D51536 /* Build configuration list for PBXNativeTarget "iosapp" */;
			buildPhases = (
				CF1CA058297A2C7E00D51536 /* Sources */,
				CF1CA059297A2C7E00D51536 /* Frameworks */,
				CF1CA05A297A2C7E00D51536 /* Resources */,
			);
			buildRules = (
			);
			dependencies = (
			);
			name = iosapp;
			productName = iosapp;
			productReference = CF1CA05C297A2C7E00D51536 /* iosapp.app */;
			productType = "com.apple.product-type.application";
		};
		CF1CA071297A2C8000D51536 /* iosappTests */ = {
			isa = PBXNativeTarget;
			buildConfigurationList = CF1CA089297A2C8000D51536 /* Build configuration list for PBXNativeTarget "iosappTests" */;
			buildPhases = (
				CF1CA06E297A2C8000D51536 /* Sources */,
				CF1CA06F297A2C8000D51536 /* Frameworks */,
				CF1CA070297A2C8000D51536 /* Resources */,
			);
			buildRules = (
			);
			dependencies = (
				CF1CA074297A2C8000D51536 /* PBXTargetDependency */,
			);
			name = iosappTests;
			productName = iosappTests;
			productReference = CF1CA072297A2C8000D51536 /* iosappTests.xctest */;
			productType = "com.apple.product-type.bundle.unit-test";
		};
		CF1CA07C297A2C8000D51536 /* iosappUITests */ = {
			isa = PBXNativeTarget;
			buildConfigurationList = CF1CA08C297A2C8000D51536 /* Build configuration list for PBXNativeTarget "iosappUITests" */;
			buildPhases = (
				CF1CA079297A2C8000D51536 /* Sources */,
				CF1CA07A297A2C8000D51536 /* Frameworks */,
				CF1CA07B297A2C8000D51536 /* Resources */,
			);
			buildRules = (
			);
			dependencies = (
				CF1CA07F297A2C8000D51536 /* PBXTargetDependency */,
			);
			name = iosappUITests;
			productName = iosappUITests;
			productReference = CF1CA07D297A2C8000D51536 /* iosappUITests.xctest */;
			productType = "com.apple.product-type.bundle.ui-testing";
		};
/* End PBXNativeTarget section */

/* Begin PBXProject section */
		CF1CA054297A2C7E00D51536 /* Project object */ = {
			isa = PBXProject;
			attributes = {
				LastSwiftUpdateCheck = 1240;
				LastUpgradeCheck = 1240;
				TargetAttributes = {
					CF1CA05B297A2C7E00D51536 = {
						CreatedOnToolsVersion = 12.4;
					};
					CF1CA071297A2C8000D51536 = {
						CreatedOnToolsVersion = 12.4;
						TestTargetID = CF1CA05B297A2C7E00D51536;
					};
					CF1CA07C297A2C8000D51536 = {
						CreatedOnToolsVersion = 12.4;
						TestTargetID = CF1CA05B297A2C7E00D51536;
					};
				};
			};
			buildConfigurationList = CF1CA057297A2C7E00D51536 /* Build configuration list for PBXProject "iosapp" */;
			compatibilityVersion = "Xcode 12.0";
			developmentRegion = en;
			hasScannedForEncodings = 0;
			knownRegions = (
				en,
				Base,
			);
			mainGroup = CF1CA053297A2C7E00D51536;
			productRefGroup = CF1CA05D297A2C7E00D51536 /* Products */;
			projectDirPath = "";
			projectRoot = "";
			targets = (
				CF1CA05B297A2C7E00D51536 /* iosapp */,
				CF1CA071297A2C8000D51536 /* iosappTests */,
				CF1CA07C297A2C8000D51536 /* iosappUITests */,
			);
		};
/* End PBXProject section */

/* Begin PBXResourcesBuildPhase section */
		CF1CA05A297A2C7E00D51536 /* Resources */ = {
			isa = PBXResourcesBuildPhase;
			buildActionMask = 2147483647;
			files = (
				CF1CA06C297A2C7F00D51536 /* LaunchScreen.storyboard in Resources */,
				CF1CA069297A2C7F00D51536 /* Assets.xcassets in Resources */,
				CF1CA09C297A3D7E00D51536 /* ios-marketing.png in Resources */,
				CF1CA067297A2C7E00D51536 /* Main.storyboard in Resources */,
			);
			runOnlyForDeploymentPostprocessing = 0;
		};
		CF1CA070297A2C8000D51536 /* Resources */ = {
			isa = PBXResourcesBuildPhase;
			buildActionMask = 2147483647;
			files = (
			);
			runOnlyForDeploymentPostprocessing = 0;
		};
		CF1CA07B297A2C8000D51536 /* Resources */ = {
			isa = PBXResourcesBuildPhase;
			buildActionMask = 2147483647;
			files = (
			);
			runOnlyForDeploymentPostprocessing = 0;
		};
/* End PBXResourcesBuildPhase section */

/* Begin PBXSourcesBuildPhase section */
		CF1CA058297A2C7E00D51536 /* Sources */ = {
			isa = PBXSourcesBuildPhase;
			buildActionMask = 2147483647;
			files = (
				CF1CA064297A2C7E00D51536 /* ViewController.swift in Sources */,
				CF1CA060297A2C7E00D51536 /* AppDelegate.swift in Sources */,
				CF1CA062297A2C7E00D51536 /* SceneDelegate.swift in Sources */,
			);
			runOnlyForDeploymentPostprocessing = 0;
		};
		CF1CA06E297A2C8000D51536 /* Sources */ = {
			isa = PBXSourcesBuildPhase;
			buildActionMask = 2147483647;
			files = (
				CF1CA077297A2C8000D51536 /* iosappTests.swift in Sources */,
			);
			runOnlyForDeploymentPostprocessing = 0;
		};
		CF1CA079297A2C8000D51536 /* Sources */ = {
			isa = PBXSourcesBuildPhase;
			buildActionMask = 2147483647;
			files = (
				CF1CA082297A2C8000D51536 /* iosappUITests.swift in Sources */,
			);
			runOnlyForDeploymentPostprocessing = 0;
		};
/* End PBXSourcesBuildPhase section */

/* Begin PBXTargetDependency section */
		CF1CA074297A2C8000D51536 /* PBXTargetDependency */ = {
			isa = PBXTargetDependency;
			target = CF1CA05B297A2C7E00D51536 /* iosapp */;
			targetProxy = CF1CA073297A2C8000D51536 /* PBXContainerItemProxy */;
		};
		CF1CA07F297A2C8000D51536 /* PBXTargetDependency */ = {
			isa = PBXTargetDependency;
			target = CF1CA05B297A2C7E00D51536 /* iosapp */;
			targetProxy = CF1CA07E297A2C8000D51536 /* PBXContainerItemProxy */;
		};
/* End PBXTargetDependency section */

/* Begin PBXVariantGroup section */
		CF1CA065297A2C7E00D51536 /* Main.storyboard */ = {
			isa = PBXVariantGroup;
			children = (
				CF1CA066297A2C7E00D51536 /* Base */,
			);
			name = Main.storyboard;
			sourceTree = "<group>";
		};
		CF1CA06A297A2C7F00D51536 /* LaunchScreen.storyboard */ = {
			isa = PBXVariantGroup;
			children = (
				CF1CA06B297A2C7F00D51536 /* Base */,
			);
			name = LaunchScreen.storyboard;
			sourceTree = "<group>";
		};
/* End PBXVariantGroup section */

/* Begin XCBuildConfiguration section */
		CF1CA084297A2C8000D51536 /* Debug */ = {
			isa = XCBuildConfiguration;
			buildSettings = {
				ALWAYS_SEARCH_USER_PATHS = NO;
				CLANG_ANALYZER_NONNULL = YES;
				CLANG_ANALYZER_NUMBER_OBJECT_CONVERSION = YES_AGGRESSIVE;
				CLANG_CXX_LANGUAGE_STANDARD = "gnu++14";
				CLANG_CXX_LIBRARY = "libc++";
				CLANG_ENABLE_MODULES = YES;
				CLANG_ENABLE_OBJC_ARC = YES;
				CLANG_ENABLE_OBJC_WEAK = YES;
				CLANG_WARN_BLOCK_CAPTURE_AUTORELEASING = YES;
				CLANG_WARN_BOOL_CONVERSION = YES;
				CLANG_WARN_COMMA = YES;
				CLANG_WARN_CONSTANT_CONVERSION = YES;
				CLANG_WARN_DEPRECATED_OBJC_IMPLEMENTATIONS = YES;
				CLANG_WARN_DIRECT_OBJC_ISA_USAGE = YES_ERROR;
				CLANG_WARN_DOCUMENTATION_COMMENTS = YES;
				CLANG_WARN_EMPTY_BODY = YES;
				CLANG_WARN_ENUM_CONVERSION = YES;
				CLANG_WARN_INFINITE_RECURSION = YES;
				CLANG_WARN_INT_CONVERSION = YES;
				CLANG_WARN_NON_LITERAL_NULL_CONVERSION = YES;
				CLANG_WARN_OBJC_IMPLICIT_RETAIN_SELF = YES;
				CLANG_WARN_OBJC_LITERAL_CONVERSION = YES;
				CLANG_WARN_OBJC_ROOT_CLASS = YES_ERROR;
				CLANG_WARN_QUOTED_INCLUDE_IN_FRAMEWORK_HEADER = YES;
				CLANG_WARN_RANGE_LOOP_ANALYSIS = YES;
				CLANG_WARN_STRICT_PROTOTYPES = YES;
				CLANG_WARN_SUSPICIOUS_MOVE = YES;
				CLANG_WARN_UNGUARDED_AVAILABILITY = YES_AGGRESSIVE;
				CLANG_WARN_UNREACHABLE_CODE = YES;
				CLANG_WARN__DUPLICATE_METHOD_MATCH = YES;
				COPY_PHASE_STRIP = NO;
				DEBUG_INFORMATION_FORMAT = dwarf;
				ENABLE_STRICT_OBJC_MSGSEND = YES;
				ENABLE_TESTABILITY = YES;
				GCC_C_LANGUAGE_STANDARD = gnu11;
				GCC_DYNAMIC_NO_PIC = NO;
				GCC_NO_COMMON_BLOCKS = YES;
				GCC_OPTIMIZATION_LEVEL = 0;
				GCC_PREPROCESSOR_DEFINITIONS = (
					"DEBUG=1",
					"$(inherited)",
				);
				GCC_WARN_64_TO_32_BIT_CONVERSION = YES;
				GCC_WARN_ABOUT_RETURN_TYPE = YES_ERROR;
				GCC_WARN_UNDECLARED_SELECTOR = YES;
				GCC_WARN_UNINITIALIZED_AUTOS = YES_AGGRESSIVE;
				GCC_WARN_UNUSED_FUNCTION = YES;
				GCC_WARN_UNUSED_VARIABLE = YES;
				IPHONEOS_DEPLOYMENT_TARGET = 14.4;
				MTL_ENABLE_DEBUG_INFO = INCLUDE_SOURCE;
				MTL_FAST_MATH = YES;
				ONLY_ACTIVE_ARCH = YES;
				SDKROOT = iphoneos;
				SWIFT_ACTIVE_COMPILATION_CONDITIONS = DEBUG;
				SWIFT_OPTIMIZATION_LEVEL = "-Onone";
			};
			name = Debug;
		};
		CF1CA085297A2C8000D51536 /* Release */ = {
			isa = XCBuildConfiguration;
			buildSettings = {
				ALWAYS_SEARCH_USER_PATHS = NO;
				CLANG_ANALYZER_NONNULL = YES;
				CLANG_ANALYZER_NUMBER_OBJECT_CONVERSION = YES_AGGRESSIVE;
				CLANG_CXX_LANGUAGE_STANDARD = "gnu++14";
				CLANG_CXX_LIBRARY = "libc++";
				CLANG_ENABLE_MODULES = YES;
				CLANG_ENABLE_OBJC_ARC = YES;
				CLANG_ENABLE_OBJC_WEAK = YES;
				CLANG_WARN_BLOCK_CAPTURE_AUTORELEASING = YES;
				CLANG_WARN_BOOL_CONVERSION = YES;
				CLANG_WARN_COMMA = YES;
				CLANG_WARN_CONSTANT_CONVERSION = YES;
				CLANG_WARN_DEPRECATED_OBJC_IMPLEMENTATIONS = YES;
				CLANG_WARN_DIRECT_OBJC_ISA_USAGE = YES_ERROR;
				CLANG_WARN_DOCUMENTATION_COMMENTS = YES;
				CLANG_WARN_EMPTY_BODY = YES;
				CLANG_WARN_ENUM_CONVERSION = YES;
				CLANG_WARN_INFINITE_RECURSION = YES;
				CLANG_WARN_INT_CONVERSION = YES;
				CLANG_WARN_NON_LITERAL_NULL_CONVERSION = YES;
				CLANG_WARN_OBJC_IMPLICIT_RETAIN_SELF = YES;
				CLANG_WARN_OBJC_LITERAL_CONVERSION = YES;
				CLANG_WARN_OBJC_ROOT_CLASS = YES_ERROR;
				CLANG_WARN_QUOTED_INCLUDE_IN_FRAMEWORK_HEADER = YES;
				CLANG_WARN_RANGE_LOOP_ANALYSIS = YES;
				CLANG_WARN_STRICT_PROTOTYPES = YES;
				CLANG_WARN_SUSPICIOUS_MOVE = YES;
				CLANG_WARN_UNGUARDED_AVAILABILITY = YES_AGGRESSIVE;
				CLANG_WARN_UNREACHABLE_CODE = YES;
				CLANG_WARN__DUPLICATE_METHOD_MATCH = YES;
				COPY_PHASE_STRIP = NO;
				DEBUG_INFORMATION_FORMAT = "dwarf-with-dsym";
				ENABLE_NS_ASSERTIONS = NO;
				ENABLE_STRICT_OBJC_MSGSEND = YES;
				GCC_C_LANGUAGE_STANDARD = gnu11;
				GCC_NO_COMMON_BLOCKS = YES;
				GCC_WARN_64_TO_32_BIT_CONVERSION = YES;
				GCC_WARN_ABOUT_RETURN_TYPE = YES_ERROR;
				GCC_WARN_UNDECLARED_SELECTOR = YES;
				GCC_WARN_UNINITIALIZED_AUTOS = YES_AGGRESSIVE;
				GCC_WARN_UNUSED_FUNCTION = YES;
				GCC_WARN_UNUSED_VARIABLE = YES;
				IPHONEOS_DEPLOYMENT_TARGET = 14.4;
				MTL_ENABLE_DEBUG_INFO = NO;
				MTL_FAST_MATH = YES;
				SDKROOT = iphoneos;
				SWIFT_COMPILATION_MODE = wholemodule;
				SWIFT_OPTIMIZATION_LEVEL = "-O";
				VALIDATE_PRODUCT = YES;
			};
			name = Release;
		};
		CF1CA087297A2C8000D51536 /* Debug */ = {
			isa = XCBuildConfiguration;
			buildSettings = {
				ASSETCATALOG_COMPILER_APPICON_NAME = AppIcon;
				ASSETCATALOG_COMPILER_GLOBAL_ACCENT_COLOR_NAME = AccentColor;
				CODE_SIGN_STYLE = Automatic;
				INFOPLIST_FILE = iosapp/Info.plist;
				LD_RUNPATH_SEARCH_PATHS = (
					"$(inherited)",
					"@executable_path/Frameworks",
				);
				PRODUCT_BUNDLE_IDENTIFIER = com.Conesoga.iosapp;
				PRODUCT_NAME = "$(TARGET_NAME)";
				SWIFT_VERSION = 5.0;
				TARGETED_DEVICE_FAMILY = "1,2";
			};
			name = Debug;
		};
		CF1CA088297A2C8000D51536 /* Release */ = {
			isa = XCBuildConfiguration;
			buildSettings = {
				ASSETCATALOG_COMPILER_APPICON_NAME = AppIcon;
				ASSETCATALOG_COMPILER_GLOBAL_ACCENT_COLOR_NAME = AccentColor;
				CODE_SIGN_STYLE = Automatic;
				INFOPLIST_FILE = iosapp/Info.plist;
				LD_RUNPATH_SEARCH_PATHS = (
					"$(inherited)",
					"@executable_path/Frameworks",
				);
				PRODUCT_BUNDLE_IDENTIFIER = com.Conesoga.iosapp;
				PRODUCT_NAME = "$(TARGET_NAME)";
				SWIFT_VERSION = 5.0;
				TARGETED_DEVICE_FAMILY = "1,2";
			};
			name = Release;
		};
		CF1CA08A297A2C8000D51536 /* Debug */ = {
			isa = XCBuildConfiguration;
			buildSettings = {
				ALWAYS_EMBED_SWIFT_STANDARD_LIBRARIES = YES;
				BUNDLE_LOADER = "$(TEST_HOST)";
				CODE_SIGN_STYLE = Automatic;
				INFOPLIST_FILE = iosappTests/Info.plist;
				IPHONEOS_DEPLOYMENT_TARGET = 14.4;
				LD_RUNPATH_SEARCH_PATHS = (
					"$(inherited)",
					"@executable_path/Frameworks",
					"@loader_path/Frameworks",
				);
				PRODUCT_BUNDLE_IDENTIFIER = com.Conesoga.iosappTests;
				PRODUCT_NAME = "$(TARGET_NAME)";
				SWIFT_VERSION = 5.0;
				TARGETED_DEVICE_FAMILY = "1,2";
				TEST_HOST = "$(BUILT_PRODUCTS_DIR)/iosapp.app/iosapp";
			};
			name = Debug;
		};
		CF1CA08B297A2C8000D51536 /* Release */ = {
			isa = XCBuildConfiguration;
			buildSettings = {
				ALWAYS_EMBED_SWIFT_STANDARD_LIBRARIES = YES;
				BUNDLE_LOADER = "$(TEST_HOST)";
				CODE_SIGN_STYLE = Automatic;
				INFOPLIST_FILE = iosappTests/Info.plist;
				IPHONEOS_DEPLOYMENT_TARGET = 14.4;
				LD_RUNPATH_SEARCH_PATHS = (
					"$(inherited)",
					"@executable_path/Frameworks",
					"@loader_path/Frameworks",
				);
				PRODUCT_BUNDLE_IDENTIFIER = com.Conesoga.iosappTests;
				PRODUCT_NAME = "$(TARGET_NAME)";
				SWIFT_VERSION = 5.0;
				TARGETED_DEVICE_FAMILY = "1,2";
				TEST_HOST = "$(BUILT_PRODUCTS_DIR)/iosapp.app/iosapp";
			};
			name = Release;
		};
		CF1CA08D297A2C8000D51536 /* Debug */ = {
			isa = XCBuildConfiguration;
			buildSettings = {
				ALWAYS_EMBED_SWIFT_STANDARD_LIBRARIES = YES;
				CODE_SIGN_STYLE = Automatic;
				INFOPLIST_FILE = iosappUITests/Info.plist;
				LD_RUNPATH_SEARCH_PATHS = (
					"$(inherited)",
					"@executable_path/Frameworks",
					"@loader_path/Frameworks",
				);
				PRODUCT_BUNDLE_IDENTIFIER = com.Conesoga.iosappUITests;
				PRODUCT_NAME = "$(TARGET_NAME)";
				SWIFT_VERSION = 5.0;
				TARGETED_DEVICE_FAMILY = "1,2";
				TEST_TARGET_NAME = iosapp;
			};
			name = Debug;
		};
		CF1CA08E297A2C8000D51536 /* Release */ = {
			isa = XCBuildConfiguration;
			buildSettings = {
				ALWAYS_EMBED_SWIFT_STANDARD_LIBRARIES = YES;
				CODE_SIGN_STYLE = Automatic;
				INFOPLIST_FILE = iosappUITests/Info.plist;
				LD_RUNPATH_SEARCH_PATHS = (
					"$(inherited)",
					"@executable_path/Frameworks",
					"@loader_path/Frameworks",
				);
				PRODUCT_BUNDLE_IDENTIFIER = com.Conesoga.iosappUITests;
				PRODUCT_NAME = "$(TARGET_NAME)";
				SWIFT_VERSION = 5.0;
				TARGETED_DEVICE_FAMILY = "1,2";
				TEST_TARGET_NAME = iosapp;
			};
			name = Release;
		};
/* End XCBuildConfiguration section */

/* Begin XCConfigurationList section */
		CF1CA057297A2C7E00D51536 /* Build configuration list for PBXProject "iosapp" */ = {
			isa = XCConfigurationList;
			buildConfigurations = (
				CF1CA084297A2C8000D51536 /* Debug */,
				CF1CA085297A2C8000D51536 /* Release */,
			);
			defaultConfigurationIsVisible = 0;
			defaultConfigurationName = Release;
		};
		CF1CA086297A2C8000D51536 /* Build configuration list for PBXNativeTarget "iosapp" */ = {
			isa = XCConfigurationList;
			buildConfigurations = (
				CF1CA087297A2C8000D51536 /* Debug */,
				CF1CA088297A2C8000D51536 /* Release */,
			);
			defaultConfigurationIsVisible = 0;
			defaultConfigurationName = Release;
		};
		CF1CA089297A2C8000D51536 /* Build configuration list for PBXNativeTarget "iosappTests" */ = {
			isa = XCConfigurationList;
			buildConfigurations = (
				CF1CA08A297A2C8000D51536 /* Debug */,
				CF1CA08B297A2C8000D51536 /* Release */,
			);
			defaultConfigurationIsVisible = 0;
			defaultConfigurationName = Release;
		};
		CF1CA08C297A2C8000D51536 /* Build configuration list for PBXNativeTarget "iosappUITests" */ = {
			isa = XCConfigurationList;
			buildConfigurations = (
				CF1CA08D297A2C8000D51536 /* Debug */,
				CF1CA08E297A2C8000D51536 /* Release */,
			);
			defaultConfigurationIsVisible = 0;
			defaultConfigurationName = Release;
		};
/* End XCConfigurationList section */
	};
	rootObject = CF1CA054297A2C7E00D51536 /* Project object */;
}
